
Microsoft Visual Studio Solution File, Format Version 12.00
# Visual Studio Version 16
VisualStudioVersion = 16.0.31727.386
MinimumVisualStudioVersion = 10.0.40219.1
Project("{FAE04EC0-301F-11D3-BF4B-00C04F79EFBC}") = "PetSimsRUs", "PetSimsRUs\PetSimsRUs.csproj", "{A6245EE9-67AD-4CC2-A6A3-47CC8DE7A52C}"
	ProjectSection(ProjectDependencies) = postProject
		{6D59E145-EFFB-4D6A-8B05-15DB418775FF} = {6D59E145-EFFB-4D6A-8B05-15DB418775FF}
		{751106A4-54C6-41B8-8502-7EDE7230CB2B} = {751106A4-54C6-41B8-8502-7EDE7230CB2B}
	EndProjectSection
EndProject
Project("{FAE04EC0-301F-11D3-BF4B-00C04F79EFBC}") = "View", "GUI\View.csproj", "{751106A4-54C6-41B8-8502-7EDE7230CB2B}"
EndProject
Project("{FAE04EC0-301F-11D3-BF4B-00C04F79EFBC}") = "Controller", "Server\Controller.csproj", "{6D59E145-EFFB-4D6A-8B05-15DB418775FF}"
EndProject
Project("{FAE04EC0-301F-11D3-BF4B-00C04F79EFBC}") = "ImageCollectionTest", "ImageCollectionTest\ImageCollectionTest.csproj", "{86360B62-E761-4374-9688-DBBEEF4F80FD}"
EndProject
Global
	GlobalSection(SolutionConfigurationPlatforms) = preSolution
		Debug|Any CPU = Debug|Any CPU
		Release|Any CPU = Release|Any CPU
	EndGlobalSection
	GlobalSection(ProjectConfigurationPlatforms) = postSolution
		{A6245EE9-67AD-4CC2-A6A3-47CC8DE7A52C}.Debug|Any CPU.ActiveCfg = Debug|Any CPU
		{A6245EE9-67AD-4CC2-A6A3-47CC8DE7A52C}.Debug|Any CPU.Build.0 = Debug|Any CPU
		{A6245EE9-67AD-4CC2-A6A3-47CC8DE7A52C}.Release|Any CPU.ActiveCfg = Release|Any CPU
		{A6245EE9-67AD-4CC2-A6A3-47CC8DE7A52C}.Release|Any CPU.Build.0 = Release|Any CPU
		{751106A4-54C6-41B8-8502-7EDE7230CB2B}.Debug|Any CPU.ActiveCfg = Debug|Any CPU
		{751106A4-54C6-41B8-8502-7EDE7230CB2B}.Debug|Any CPU.Build.0 = Debug|Any CPU
		{751106A4-54C6-41B8-8502-7EDE7230CB2B}.Release|Any CPU.ActiveCfg = Release|Any CPU
		{751106A4-54C6-41B8-8502-7EDE7230CB2B}.Release|Any CPU.Build.0 = Release|Any CPU
		{6D59E145-EFFB-4D6A-8B05-15DB418775FF}.Debug|Any CPU.ActiveCfg = Debug|Any CPU
		{6D59E145-EFFB-4D6A-8B05-15DB418775FF}.Debug|Any CPU.Build.0 = Debug|Any CPU
		{6D59E145-EFFB-4D6A-8B05-15DB418775FF}.Release|Any CPU.ActiveCfg = Release|Any CPU
		{6D59E145-EFFB-4D6A-8B05-15DB418775FF}.Release|Any CPU.Build.0 = Release|Any CPU
		{86360B62-E761-4374-9688-DBBEEF4F80FD}.Debug|Any CPU.ActiveCfg = Debug|Any CPU
		{86360B62-E761-4374-9688-DBBEEF4F80FD}.Debug|Any CPU.Build.0 = Debug|Any CPU
		{86360B62-E761-4374-9688-DBBEEF4F80FD}.Release|Any CPU.ActiveCfg = Release|Any CPU
		{86360B62-E761-4374-9688-DBBEEF4F80FD}.Release|Any CPU.Build.0 = Release|Any CPU
	EndGlobalSection
	GlobalSection(SolutionProperties) = preSolution
		HideSolutionNode = FALSE
	EndGlobalSection
	GlobalSection(ExtensibilityGlobals) = postSolution
		SolutionGuid = {91C9FF4A-05D0-40E8-B1F8-094174954B0E}
	EndGlobalSection
EndGlobal
